<?xml version="1.0"?>
<Project ToolsVersion="4.0" xmlns="http://schemas.microsoft.com/developer/msbuild/2003">
	<ItemGroup>
		<ClCompile Include="src\ofApp.cpp">
			<Filter>src</Filter>
		</ClCompile>
		<ClCompile Include="src\main.cpp">
			<Filter>src</Filter>
		</ClCompile>
		<ClCompile Include="src\main.cpp">
			<Filter>src</Filter>
		</ClCompile>
		<ClCompile Include="src\ofApp.cpp">
			<Filter>src</Filter>
		</ClCompile>
		<ClCompile Include="src\VJAmanda.cpp">
			<Filter>src</Filter>
		</ClCompile>
		<ClCompile Include="src\VJBella.cpp">
			<Filter>src</Filter>
		</ClCompile>
		<ClCompile Include="src\VJChris.cpp">
			<Filter>src</Filter>
		</ClCompile>
		<ClCompile Include="src\VJDasha.cpp">
			<Filter>src</Filter>
		</ClCompile>
		<ClCompile Include="src\VJFF.cpp">
			<Filter>src</Filter>
		</ClCompile>
		<ClCompile Include="src\VJIce.cpp">
			<Filter>src</Filter>
		</ClCompile>
		<ClCompile Include="src\VJIdleSet.cpp">
			<Filter>src</Filter>
		</ClCompile>
		<ClCompile Include="src\VJkris.cpp">
			<Filter>src</Filter>
		</ClCompile>
		<ClCompile Include="src\VJSanie.cpp">
			<Filter>src</Filter>
		</ClCompile>
	</ItemGroup>
	<ItemGroup>
		<Filter Include="src">
			<UniqueIdentifier>{d8376475-7454-4a24-b08a-aac121d3ad6f}</UniqueIdentifier>
		</Filter>
	</ItemGroup>
	<ItemGroup>
		<ClInclude Include="src\ofApp.h">
			<Filter>src</Filter>
		</ClInclude>
		<ClInclude Include="src\BaseSet.h">
			<Filter>src</Filter>
		</ClInclude>
		<ClInclude Include="src\ofApp.h">
			<Filter>src</Filter>
		</ClInclude>
		<ClInclude Include="src\VJAmanda.h">
			<Filter>src</Filter>
		</ClInclude>
		<ClInclude Include="src\VJAmanda.hpp">
			<Filter>src</Filter>
		</ClInclude>
		<ClInclude Include="src\VJBella.h">
			<Filter>src</Filter>
		</ClInclude>
		<ClInclude Include="src\VJChris.h">
			<Filter>src</Filter>
		</ClInclude>
		<ClInclude Include="src\VJDasha.h">
			<Filter>src</Filter>
		</ClInclude>
		<ClInclude Include="src\VJFF.h">
			<Filter>src</Filter>
		</ClInclude>
		<ClInclude Include="src\VJIce.h">
			<Filter>src</Filter>
		</ClInclude>
		<ClInclude Include="src\VJIdleSet.h">
			<Filter>src</Filter>
		</ClInclude>
		<ClInclude Include="src\VJkris.h">
			<Filter>src</Filter>
		</ClInclude>
		<ClInclude Include="src\VJSanie.h">
			<Filter>src</Filter>
		</ClInclude>
	</ItemGroup>
	<ItemGroup>
		<ResourceCompile Include="icon.rc" />
	</ItemGroup>
</Project>
